
Microsoft Visual Studio Solution File, Format Version 12.00
# Visual Studio Version 17
VisualStudioVersion = 17.11.35327.3
MinimumVisualStudioVersion = 10.0.40219.1
Project("{FAE04EC0-301F-11D3-BF4B-00C04F79EFBC}") = "prueba", "prueba\prueba.csproj", "{06258FCD-D8C3-46D9-ADAF-BEEFD0312D1A}"
EndProject
Global
	GlobalSection(SolutionConfigurationPlatforms) = preSolution
		Debug|Any CPU = Debug|Any CPU
		Release|Any CPU = Release|Any CPU
	EndGlobalSection
	GlobalSection(ProjectConfigurationPlatforms) = postSolution
		{06258FCD-D8C3-46D9-ADAF-BEEFD0312D1A}.Debug|Any CPU.ActiveCfg = Debug|Any CPU
		{06258FCD-D8C3-46D9-ADAF-BEEFD0312D1A}.Debug|Any CPU.Build.0 = Debug|Any CPU
		{06258FCD-D8C3-46D9-ADAF-BEEFD0312D1A}.Release|Any CPU.ActiveCfg = Release|Any CPU
		{06258FCD-D8C3-46D9-ADAF-BEEFD0312D1A}.Release|Any CPU.Build.0 = Release|Any CPU
	EndGlobalSection
	GlobalSection(SolutionProperties) = preSolution
		HideSolutionNode = FALSE
	EndGlobalSection
	GlobalSection(ExtensibilityGlobals) = postSolution
		SolutionGuid = {76401A8D-49AF-4361-B281-BA07E9066C34}
	EndGlobalSection
EndGlobal
